PODS:
  - Flutter (1.0.0)
  - flutter_chrome_cast (1.2.6):
    - Flutter
    - google-cast-sdk (~> 4.7)
    - Protobuf
  - google-cast-sdk (4.8.0):
    - google-cast-sdk/Core (= 4.8.0)
    - Protobuf (~> 3.13)
  - google-cast-sdk/Core (4.8.0):
    - Protobuf (~> 3.13)
  - permission_handler_apple (9.3.0):
    - Flutter
  - Protobuf (3.29.5)

DEPENDENCIES:
  - Flutter (from `Flutter`)
  - flutter_chrome_cast (from `.symlinks/plugins/flutter_chrome_cast/ios`)
  - permission_handler_apple (from `.symlinks/plugins/permission_handler_apple/ios`)

SPEC REPOS:
  trunk:
    - google-cast-sdk
    - Protobuf

EXTERNAL SOURCES:
  Flutter:
    :path: Flutter
  flutter_chrome_cast:
    :path: ".symlinks/plugins/flutter_chrome_cast/ios"
  permission_handler_apple:
    :path: ".symlinks/plugins/permission_handler_apple/ios"

SPEC CHECKSUMS:
  Flutter: cabc95a1d2626b1b06e7179b784ebcf0c0cde467
  flutter_chrome_cast: 9671f5786e2297f2697929e3af913228b2b73b69
  google-cast-sdk: afeb1aac0744b1bc4f70bc3db8468e33fabbff38
  permission_handler_apple: 4ed2196e43d0651e8ff7ca3483a069d469701f2d
  Protobuf: 164aea2ae380c3951abdc3e195220c01d17400e0

PODFILE CHECKSUM: 0dbd5a87e0ace00c9610d2037ac22083a01f861d

COCOAPODS: 1.16.2
