PODS:
  - Flutter (1.0.0)
  - flutter_chrome_cast (0.0.2):
    - Flutter
    - google-cast-sdk-no-bluetooth
    - Protobuf
  - google-cast-sdk-no-bluetooth (4.7.0):
    - google-cast-sdk-no-bluetooth/Core (= 4.7.0)
    - Protobuf (~> 3.13)
  - google-cast-sdk-no-bluetooth/Core (4.7.0):
    - Protobuf (~> 3.13)
  - permission_handler_apple (9.3.0):
    - Flutter
  - Protobuf (3.29.5)

DEPENDENCIES:
  - Flutter (from `Flutter`)
  - flutter_chrome_cast (from `.symlinks/plugins/flutter_chrome_cast/ios`)
  - permission_handler_apple (from `.symlinks/plugins/permission_handler_apple/ios`)

SPEC REPOS:
  trunk:
    - google-cast-sdk-no-bluetooth
    - Protobuf

EXTERNAL SOURCES:
  Flutter:
    :path: Flutter
  flutter_chrome_cast:
    :path: ".symlinks/plugins/flutter_chrome_cast/ios"
  permission_handler_apple:
    :path: ".symlinks/plugins/permission_handler_apple/ios"

SPEC CHECKSUMS:
  Flutter: e0871f40cf51350855a761d2e70bf5af5b9b5de7
  flutter_chrome_cast: f88dacbc1a7931885bbe44de5b85b041761639bc
  google-cast-sdk-no-bluetooth: 5313156110d6e71fa336f6d742f1ee641e91fdca
  permission_handler_apple: 9878588469a2b0d0fc1e048d9f43605f92e6cec2
  Protobuf: 164aea2ae380c3951abdc3e195220c01d17400e0

PODFILE CHECKSUM: aafe91acc616949ddb318b77800a7f51bffa2a4c

COCOAPODS: 1.15.2
